{
<<<<<<< HEAD
<<<<<<< HEAD
  "name": "nasa-psyche-ar",
=======
  "name": "nasa-psyche-ar-main",
>>>>>>> e339ab1 (Add difficulty mode, skeleton compatability, and UI tweaks)
=======
  "name": "nasa-psyche-ar",
>>>>>>> feature/waypoint-popup
  "lockfileVersion": 3,
  "requires": true,
  "packages": {}
}
